
Microsoft Visual Studio Solution File, Format Version 12.00
# Visual Studio 15
Project("{FAE04EC0-301F-11D3-BF4B-00C04F79EFBC}") = "Assembly-CSharp", "Assembly-CSharp.csproj", "{586254F2-A5C6-651E-7C0F-E2D7A4892FE2}"
EndProject
Project("{FAE04EC0-301F-11D3-BF4B-00C04F79EFBC}") = "Assembly-CSharp-Editor", "Assembly-CSharp-Editor.csproj", "{E1A95354-3AB1-638A-16FF-54A1A1E5692D}"
EndProject
Global
	GlobalSection(SolutionConfigurationPlatforms) = preSolution
		Debug|Any CPU = Debug|Any CPU
		Release|Any CPU = Release|Any CPU
	EndGlobalSection
	GlobalSection(ProjectConfigurationPlatforms) = postSolution
		{586254F2-A5C6-651E-7C0F-E2D7A4892FE2}.Debug|Any CPU.ActiveCfg = Debug|Any CPU
		{586254F2-A5C6-651E-7C0F-E2D7A4892FE2}.Debug|Any CPU.Build.0 = Debug|Any CPU
		{586254F2-A5C6-651E-7C0F-E2D7A4892FE2}.Release|Any CPU.ActiveCfg = Release|Any CPU
		{586254F2-A5C6-651E-7C0F-E2D7A4892FE2}.Release|Any CPU.Build.0 = Release|Any CPU
		{E1A95354-3AB1-638A-16FF-54A1A1E5692D}.Debug|Any CPU.ActiveCfg = Debug|Any CPU
		{E1A95354-3AB1-638A-16FF-54A1A1E5692D}.Debug|Any CPU.Build.0 = Debug|Any CPU
		{E1A95354-3AB1-638A-16FF-54A1A1E5692D}.Release|Any CPU.ActiveCfg = Release|Any CPU
		{E1A95354-3AB1-638A-16FF-54A1A1E5692D}.Release|Any CPU.Build.0 = Release|Any CPU
	EndGlobalSection
	GlobalSection(SolutionProperties) = preSolution
		HideSolutionNode = FALSE
	EndGlobalSection
EndGlobal
